
Microsoft Visual Studio Solution File, Format Version 12.00
# Visual Studio Version 17
VisualStudioVersion = 17.6.33829.357
MinimumVisualStudioVersion = 10.0.40219.1
Project("{9A19103F-16F7-4668-BE54-9A1E7A4F7556}") = "AvaloniaJabAot", "AvaloniaJabAot\AvaloniaJabAot.csproj", "{80395E98-B704-4EA7-BB95-939433E674B6}"
EndProject
Project("{9A19103F-16F7-4668-BE54-9A1E7A4F7556}") = "Shared.Services", "Shared.Services\Shared.Services.csproj", "{23D74373-3178-4C4E-8433-248B418F9932}"
EndProject
Project("{9A19103F-16F7-4668-BE54-9A1E7A4F7556}") = "AvaloniaCommunityToolkitAot", "AvaloniaCommunityToolkitAot\AvaloniaCommunityToolkitAot.csproj", "{E7BDED95-50AB-4C93-98E6-D9C782A06E88}"
EndProject
Project("{FAE04EC0-301F-11D3-BF4B-00C04F79EFBC}") = "Shared.ViewModels", "Shared.ViewModels\Shared.ViewModels.csproj", "{3C5E3B25-71E1-42FD-9A88-0CBAC86A818F}"
EndProject
Global
	GlobalSection(SolutionConfigurationPlatforms) = preSolution
		Debug|Any CPU = Debug|Any CPU
		Release|Any CPU = Release|Any CPU
	EndGlobalSection
	GlobalSection(ProjectConfigurationPlatforms) = postSolution
		{80395E98-B704-4EA7-BB95-939433E674B6}.Debug|Any CPU.ActiveCfg = Debug|Any CPU
		{80395E98-B704-4EA7-BB95-939433E674B6}.Debug|Any CPU.Build.0 = Debug|Any CPU
		{80395E98-B704-4EA7-BB95-939433E674B6}.Release|Any CPU.ActiveCfg = Release|Any CPU
		{80395E98-B704-4EA7-BB95-939433E674B6}.Release|Any CPU.Build.0 = Release|Any CPU
		{23D74373-3178-4C4E-8433-248B418F9932}.Debug|Any CPU.ActiveCfg = Debug|Any CPU
		{23D74373-3178-4C4E-8433-248B418F9932}.Debug|Any CPU.Build.0 = Debug|Any CPU
		{23D74373-3178-4C4E-8433-248B418F9932}.Release|Any CPU.ActiveCfg = Release|Any CPU
		{23D74373-3178-4C4E-8433-248B418F9932}.Release|Any CPU.Build.0 = Release|Any CPU
		{E7BDED95-50AB-4C93-98E6-D9C782A06E88}.Debug|Any CPU.ActiveCfg = Debug|Any CPU
		{E7BDED95-50AB-4C93-98E6-D9C782A06E88}.Debug|Any CPU.Build.0 = Debug|Any CPU
		{E7BDED95-50AB-4C93-98E6-D9C782A06E88}.Release|Any CPU.ActiveCfg = Release|Any CPU
		{E7BDED95-50AB-4C93-98E6-D9C782A06E88}.Release|Any CPU.Build.0 = Release|Any CPU
		{3C5E3B25-71E1-42FD-9A88-0CBAC86A818F}.Debug|Any CPU.ActiveCfg = Debug|Any CPU
		{3C5E3B25-71E1-42FD-9A88-0CBAC86A818F}.Debug|Any CPU.Build.0 = Debug|Any CPU
		{3C5E3B25-71E1-42FD-9A88-0CBAC86A818F}.Release|Any CPU.ActiveCfg = Release|Any CPU
		{3C5E3B25-71E1-42FD-9A88-0CBAC86A818F}.Release|Any CPU.Build.0 = Release|Any CPU
	EndGlobalSection
	GlobalSection(SolutionProperties) = preSolution
		HideSolutionNode = FALSE
	EndGlobalSection
	GlobalSection(ExtensibilityGlobals) = postSolution
		SolutionGuid = {D006ED95-D520-48D1-B288-ACFD95BD042D}
	EndGlobalSection
EndGlobal
